{
  "lockfileVersion": 1,
  "workspaces": {
    "": {
      "name": "root",
    },
    "apps/a-ui": {
      "name": "a-ui",
      "version": "0.0.1",
      "dependencies": {
        "a-widget": "workspace:^",
        "send": "0.17.1",
      },
    },
    "libs/a-widget": {
      "name": "a-widget",
      "version": "0.0.1",
      "dependencies": {
        "postcss-url": "10.1.3",
      },
    },
  },
  "packages": {
    "a-ui": ["a-ui@workspace:apps/a-ui"],

    "a-widget": ["a-widget@workspace:libs/a-widget"],

    "balanced-match": ["balanced-match@1.0.2", "https://npm-registry.toolsfdg.net/balanced-match/-/balanced-match-1.0.2.tgz", {}, "sha512-3oSeUO0TMV67hN1AmbXsK4yaqU7tjiHlbxRDZOpH0KW9+CeX4bRAaX0Anxt0tx2MrpRpWwQaPwIlISEJhYU5Pw=="],

    "brace-expansion": ["brace-expansion@1.1.12", "https://npm-registry.toolsfdg.net/brace-expansion/-/brace-expansion-1.1.12.tgz", { "dependencies": { "balanced-match": "^1.0.0", "concat-map": "0.0.1" } }, "sha512-9T9UjW3r0UW5c1Q7GTwllptXwhvYmEzFhzMfZ9H7FQWt+uZePjZPjBP/W1ZEyZ1twGWom5/56TF4lPcqjnDHcg=="],

    "concat-map": ["concat-map@0.0.1", "https://npm-registry.toolsfdg.net/concat-map/-/concat-map-0.0.1.tgz", {}, "sha1-2Klr13/Wjfd5OnMDajug1UBdR3s="],

    "cuint": ["cuint@0.2.2", "https://npm-registry.toolsfdg.net/cuint/-/cuint-0.2.2.tgz", {}, "sha1-QICG1AlVDCYxFVYZ6fp7ytw7mRs="],

    "debug": ["debug@2.6.9", "https://npm-registry.toolsfdg.net/debug/-/debug-2.6.9.tgz", { "dependencies": { "ms": "2.0.0" } }, "sha512-bC7ElrdJaJnPbAP+1EotYvqZsb3ecl5wi6Bfi6BJTUcNowp6cvspg0jXznRTKDjm/E7AdgFBVeAPVMNcKGsHMA=="],

    "depd": ["depd@1.1.2", "https://npm-registry.toolsfdg.net/depd/-/depd-1.1.2.tgz", {}, ""],

    "destroy": ["destroy@1.0.4", "https://npm-registry.toolsfdg.net/destroy/-/destroy-1.0.4.tgz", {}, ""],

    "ee-first": ["ee-first@1.1.1", "https://npm-registry.toolsfdg.net/ee-first/-/ee-first-1.1.1.tgz", {}, ""],

    "encodeurl": ["encodeurl@1.0.2", "https://npm-registry.toolsfdg.net/encodeurl/-/encodeurl-1.0.2.tgz", {}, ""],

    "escape-html": ["escape-html@1.0.3", "https://npm-registry.toolsfdg.net/escape-html/-/escape-html-1.0.3.tgz", {}, ""],

    "etag": ["etag@1.8.1", "https://npm-registry.toolsfdg.net/etag/-/etag-1.8.1.tgz", {}, ""],

    "fresh": ["fresh@0.5.2", "https://npm-registry.toolsfdg.net/fresh/-/fresh-0.5.2.tgz", {}, ""],

    "http-errors": ["http-errors@1.7.3", "https://npm-registry.toolsfdg.net/http-errors/-/http-errors-1.7.3.tgz", { "dependencies": { "depd": "~1.1.2", "inherits": "2.0.4", "setprototypeof": "1.1.1", "statuses": ">= 1.5.0 < 2", "toidentifier": "1.0.0" } }, "sha512-ZTTX0MWrsQ2ZAhA1cejAwDLycFsd7I7nVtnkT3Ol0aqodaKW+0CTZDQ1uBv5whptCnc8e8HeRRJxRs0kmm/Qfw=="],

    "inherits": ["inherits@2.0.4", "https://npm-registry.toolsfdg.net/inherits/-/inherits-2.0.4.tgz", {}, "sha512-k/vGaX4/Yla3WzyMCvTQOXYeIHvqOKtnqBduzTHpzpQZzAskKMhZ2K+EnBiSM9zGSoIFeMpXKxa4dYeZIQqewQ=="],

    "make-dir": ["make-dir@3.1.0", "https://npm-registry.toolsfdg.net/make-dir/-/make-dir-3.1.0.tgz", { "dependencies": { "semver": "^6.0.0" } }, "sha512-g3FeP20LNwhALb/6Cz6Dd4F2ngze0jz7tbzrD2wAV+o9FeNHe4rL+yK2md0J/fiSf1sa1ADhXqi5+oVwOM/eGw=="],

    "mime": ["mime@1.6.0", "https://npm-registry.toolsfdg.net/mime/-/mime-1.6.0.tgz", { "bin": { "mime": "cli.js" } }, "sha512-x0Vn8spI+wuJ1O6S7gnbaQg8Pxh4NNHb7KSINmEWKiPE4RKOplvijn+NkmYmmRgP68mc70j2EbeTFRsrswaQeg=="],

    "minimatch": ["minimatch@3.0.8", "https://npm-registry.toolsfdg.net/minimatch/-/minimatch-3.0.8.tgz", { "dependencies": { "brace-expansion": "^1.1.7" } }, "sha512-6FsRAQsxQ61mw+qP1ZzbL9Bc78x2p5OqNgNpnoAFLTrX8n5Kxph0CsnhmKKNXTWjXqU5L0pGPR7hYk+XWZr60Q=="],

    "ms": ["ms@2.1.1", "https://npm-registry.toolsfdg.net/ms/-/ms-2.1.1.tgz", {}, "sha512-tgp+dl5cGk28utYktBsrFqA7HKgrhgPsg6Z/EfhWI4gl1Hwq8B/GmY/0oXZ6nF8hDVesS/FpnYaD/kOWhYQvyg=="],

    "nanoid": ["nanoid@3.3.11", "https://npm-registry.toolsfdg.net/nanoid/-/nanoid-3.3.11.tgz", { "bin": { "nanoid": "bin/nanoid.cjs" } }, "sha512-N8SpfPUnUp1bK+PMYW8qSWdl9U+wwNWI4QKxOYDy9JAro3WMX7p2OeVRF9v+347pnakNevPmiHhNmZ2HbFA76w=="],

    "on-finished": ["on-finished@2.3.0", "https://npm-registry.toolsfdg.net/on-finished/-/on-finished-2.3.0.tgz", { "dependencies": { "ee-first": "1.1.1" } }, ""],

    "picocolors": ["picocolors@1.1.1", "https://npm-registry.toolsfdg.net/picocolors/-/picocolors-1.1.1.tgz", {}, "sha512-xceH2snhtb5M9liqDsmEw56le376mTZkEX/jEb/RxNFyegNul7eNslCXP9FDj/Lcu0X8KEyMceP2ntpaHrDEVA=="],

    "postcss": ["postcss@8.5.6", "https://npm-registry.toolsfdg.net/postcss/-/postcss-8.5.6.tgz", { "dependencies": { "nanoid": "^3.3.11", "picocolors": "^1.1.1", "source-map-js": "^1.2.1" } }, "sha512-3Ybi1tAuwAP9s0r1UQ2J4n5Y0G05bJkpUIO0/bI9MhwmD70S5aTWbXGBwxHrelT+XM1k6dM0pk+SwNkpTRN7Pg=="],

    "postcss-url": ["postcss-url@10.1.3", "https://npm-registry.toolsfdg.net/postcss-url/-/postcss-url-10.1.3.tgz", { "dependencies": { "make-dir": "~3.1.0", "mime": "~2.5.2", "minimatch": "~3.0.4", "xxhashjs": "~0.2.2" }, "peerDependencies": { "postcss": "^8.0.0" } }, "sha512-FUzyxfI5l2tKmXdYc6VTu3TWZsInayEKPbiyW+P6vmmIrrb4I6CGX0BFoewgYHLK+oIL5FECEK02REYRpBvUCw=="],

    "range-parser": ["range-parser@1.2.1", "https://npm-registry.toolsfdg.net/range-parser/-/range-parser-1.2.1.tgz", {}, "sha512-Hrgsx+orqoygnmhFbKaHE6c296J+HTAQXoxEF6gNupROmmGJRoyzfG3ccAveqCBrwr/2yxQ5BVd/GTl5agOwSg=="],

    "semver": ["semver@6.3.1", "https://npm-registry.toolsfdg.net/semver/-/semver-6.3.1.tgz", { "bin": { "semver": "bin/semver.js" } }, "sha512-BR7VvDCVHO+q2xBEWskxS6DJE1qRnb7DxzUrogb71CWoSficBxYsiAGd+Kl0mmq/MprG9yArRkyrQxTO6XjMzA=="],

    "send": ["send@0.17.1", "https://npm-registry.toolsfdg.net/send/-/send-0.17.1.tgz", { "dependencies": { "debug": "2.6.9", "depd": "~1.1.2", "destroy": "~1.0.4", "encodeurl": "~1.0.2", "escape-html": "~1.0.3", "etag": "~1.8.1", "fresh": "0.5.2", "http-errors": "~1.7.2", "mime": "1.6.0", "ms": "2.1.1", "on-finished": "~2.3.0", "range-parser": "~1.2.1", "statuses": "~1.5.0" } }, "sha512-BsVKsiGcQMFwT8UxypobUKyv7irCNRHk1T0G680vk88yf6LBByGcZJOTJCrTP2xVN6yI+XjPJcNuE3V4fT9sAg=="],

    "setprototypeof": ["setprototypeof@1.1.1", "https://npm-registry.toolsfdg.net/setprototypeof/-/setprototypeof-1.1.1.tgz", {}, "sha512-JvdAWfbXeIGaZ9cILp38HntZSFSo3mWg6xGcJJsd+d4aRMOqauag1C63dJfDw7OaMYwEbHMOxEZ1lqVRYP2OAw=="],

    "source-map-js": ["source-map-js@1.2.1", "https://npm-registry.toolsfdg.net/source-map-js/-/source-map-js-1.2.1.tgz", {}, "sha512-UXWMKhLOwVKb728IUtQPXxfYU+usdybtUrK/8uGE8CQMvrhOpwvzDBwj0QhSL7MQc7vIsISBG8VQ8+IDQxpfQA=="],

    "statuses": ["statuses@1.5.0", "https://npm-registry.toolsfdg.net/statuses/-/statuses-1.5.0.tgz", {}, ""],

    "toidentifier": ["toidentifier@1.0.0", "https://npm-registry.toolsfdg.net/toidentifier/-/toidentifier-1.0.0.tgz", {}, "sha512-yaOH/Pk/VEhBWWTlhI+qXxDFXlejDGcQipMlyxda9nthulaxLZUNcUqFxokp0vcYnvteJln5FNQDRrxj3YcbVw=="],

    "xxhashjs": ["xxhashjs@0.2.2", "https://npm-registry.toolsfdg.net/xxhashjs/-/xxhashjs-0.2.2.tgz", { "dependencies": { "cuint": "^0.2.2" } }, "sha512-AkTuIuVTET12tpsVIQo+ZU6f/qDmKuRUcjaqR+OIvm+aCBsZ95i7UVY5WJ9TMsSaZ0DA2WxoZ4acu0sPH+OKAw=="],

    "debug/ms": ["ms@2.0.0", "https://npm-registry.toolsfdg.net/ms/-/ms-2.0.0.tgz", {}, ""],

    "postcss-url/mime": ["mime@2.5.2", "https://npm-registry.toolsfdg.net/mime/-/mime-2.5.2.tgz", { "bin": { "mime": "cli.js" } }, "sha512-tqkh47FzKeCPD2PUiPB6pkbMzsCasjxAfC62/Wap5qrUWcb+sFasXUC5I3gYM5iBM8v/Qpn4UK0x+j0iHyFPDg=="],
  }
}
